
Microsoft Visual Studio Solution File, Format Version 12.00
# Visual Studio Version 16
VisualStudioVersion = 16.0.28917.182
MinimumVisualStudioVersion = 10.0.40219.1
Project("{FAE04EC0-301F-11D3-BF4B-00C04F79EFBC}") = "WebApplication6", "WebApplication6\WebApplication6.csproj", "{6EFC77CD-34DA-43C6-AAE8-45A8D6E27791}"
EndProject
Project("{FAE04EC0-301F-11D3-BF4B-00C04F79EFBC}") = "ClassLibrary1", "ClassLibrary1\ClassLibrary1.csproj", "{B733043F-FF95-41D2-A17B-2E8FB3B8C009}"
EndProject
Global
	GlobalSection(SolutionConfigurationPlatforms) = preSolution
		Debug|Any CPU = Debug|Any CPU
		Release|Any CPU = Release|Any CPU
	EndGlobalSection
	GlobalSection(ProjectConfigurationPlatforms) = postSolution
		{6EFC77CD-34DA-43C6-AAE8-45A8D6E27791}.Debug|Any CPU.ActiveCfg = Debug|Any CPU
		{6EFC77CD-34DA-43C6-AAE8-45A8D6E27791}.Debug|Any CPU.Build.0 = Debug|Any CPU
		{6EFC77CD-34DA-43C6-AAE8-45A8D6E27791}.Release|Any CPU.ActiveCfg = Release|Any CPU
		{6EFC77CD-34DA-43C6-AAE8-45A8D6E27791}.Release|Any CPU.Build.0 = Release|Any CPU
		{B733043F-FF95-41D2-A17B-2E8FB3B8C009}.Debug|Any CPU.ActiveCfg = Debug|Any CPU
		{B733043F-FF95-41D2-A17B-2E8FB3B8C009}.Debug|Any CPU.Build.0 = Debug|Any CPU
		{B733043F-FF95-41D2-A17B-2E8FB3B8C009}.Release|Any CPU.ActiveCfg = Release|Any CPU
		{B733043F-FF95-41D2-A17B-2E8FB3B8C009}.Release|Any CPU.Build.0 = Release|Any CPU
	EndGlobalSection
	GlobalSection(SolutionProperties) = preSolution
		HideSolutionNode = FALSE
	EndGlobalSection
	GlobalSection(ExtensibilityGlobals) = postSolution
		SolutionGuid = {CE8F7671-BD02-418C-9754-C1C83F373706}
	EndGlobalSection
EndGlobal
